
Microsoft Visual Studio Solution File, Format Version 12.00
# Visual Studio 15
VisualStudioVersion = 15.0.28307.902
MinimumVisualStudioVersion = 10.0.40219.1
Project("{8BC9CEB8-8B4A-11D0-8D11-00A0C91BC942}") = "nvollib", "CSGOFullv2\CSGOFullv2.vcxproj", "{ECC75929-390E-4D70-B7C7-4BF9D3BF2E49}"
EndProject
Global
	GlobalSection(SolutionConfigurationPlatforms) = preSolution
		ATISSE2C|Win32 = ATISSE2C|Win32
		ATISSE2C|x64 = ATISSE2C|x64
		Debug Ignacio|Win32 = Debug Ignacio|Win32
		Debug Ignacio|x64 = Debug Ignacio|x64
		Debug Laptop|Win32 = Debug Laptop|Win32
		Debug Laptop|x64 = Debug Laptop|x64
		Debug_VS2015|Win32 = Debug_VS2015|Win32
		Debug_VS2015|x64 = Debug_VS2015|x64
		Debug|Win32 = Debug|Win32
		Debug|x64 = Debug|x64
		DebugNit|Win32 = DebugNit|Win32
		DebugNit|x64 = DebugNit|x64
		JakeDebug|Win32 = JakeDebug|Win32
		JakeDebug|x64 = JakeDebug|x64
		JakeRelease|Win32 = JakeRelease|Win32
		JakeRelease|x64 = JakeRelease|x64
		JakesDebug|Win32 = JakesDebug|Win32
		JakesDebug|x64 = JakesDebug|x64
		Production|Win32 = Production|Win32
		Production|x64 = Production|x64
		Release ATI|Win32 = Release ATI|Win32
		Release ATI|x64 = Release ATI|x64
		Release ATISSE2|Win32 = Release ATISSE2|Win32
		Release ATISSE2|x64 = Release ATISSE2|x64
		Release Debug Heartbeat|Win32 = Release Debug Heartbeat|Win32
		Release Debug Heartbeat|x64 = Release Debug Heartbeat|x64
		Release Ignacio|Win32 = Release Ignacio|Win32
		Release Ignacio|x64 = Release Ignacio|x64
		Release LLInjectable ServerCrasher|Win32 = Release LLInjectable ServerCrasher|Win32
		Release LLInjectable ServerCrasher|x64 = Release LLInjectable ServerCrasher|x64
		Release LLInjectable|Win32 = Release LLInjectable|Win32
		Release LLInjectable|x64 = Release LLInjectable|x64
		Release No Heartbeat|Win32 = Release No Heartbeat|Win32
		Release No Heartbeat|x64 = Release No Heartbeat|x64
		Release NVAVX Nit|Win32 = Release NVAVX Nit|Win32
		Release NVAVX Nit|x64 = Release NVAVX Nit|x64
		Release NVAVX|Win32 = Release NVAVX|Win32
		Release NVAVX|x64 = Release NVAVX|x64
		Release NVSP|Win32 = Release NVSP|Win32
		Release NVSP|x64 = Release NVSP|x64
		Release NVSSE2|Win32 = Release NVSSE2|Win32
		Release NVSSE2|x64 = Release NVSSE2|x64
		Release Vista|Win32 = Release Vista|Win32
		Release Vista|x64 = Release Vista|x64
		Release_DumpBlackbookSigs|Win32 = Release_DumpBlackbookSigs|Win32
		Release_DumpBlackbookSigs|x64 = Release_DumpBlackbookSigs|x64
		Release_DumpSigs_VS2015|Win32 = Release_DumpSigs_VS2015|Win32
		Release_DumpSigs_VS2015|x64 = Release_DumpSigs_VS2015|x64
		Release_DumpSigs|Win32 = Release_DumpSigs|Win32
		Release_DumpSigs|x64 = Release_DumpSigs|x64
		Release_DylanVAC|Win32 = Release_DylanVAC|Win32
		Release_DylanVAC|x64 = Release_DylanVAC|x64
		Release_Friends|Win32 = Release_Friends|Win32
		Release_Friends|x64 = Release_Friends|x64
		Release_imi|Win32 = Release_imi|Win32
		Release_imi|x64 = Release_imi|x64
		Release_Mutiny|Win32 = Release_Mutiny|Win32
		Release_Mutiny|x64 = Release_Mutiny|x64
		Release|Win32 = Release|Win32
		Release|x64 = Release|x64
		ServerSideOnly|Win32 = ServerSideOnly|Win32
		ServerSideOnly|x64 = ServerSideOnly|x64
	EndGlobalSection
	GlobalSection(ProjectConfigurationPlatforms) = postSolution
		{ECC75929-390E-4D70-B7C7-4BF9D3BF2E49}.ATISSE2C|Win32.ActiveCfg = ATISSE2C|Win32
		{ECC75929-390E-4D70-B7C7-4BF9D3BF2E49}.ATISSE2C|Win32.Build.0 = ATISSE2C|Win32
		{ECC75929-390E-4D70-B7C7-4BF9D3BF2E49}.ATISSE2C|x64.ActiveCfg = ATISSE2C|Win32
		{ECC75929-390E-4D70-B7C7-4BF9D3BF2E49}.Debug Ignacio|Win32.ActiveCfg = Debug Ignacio|Win32
		{ECC75929-390E-4D70-B7C7-4BF9D3BF2E49}.Debug Ignacio|Win32.Build.0 = Debug Ignacio|Win32
		{ECC75929-390E-4D70-B7C7-4BF9D3BF2E49}.Debug Ignacio|x64.ActiveCfg = Debug Ignacio|Win32
		{ECC75929-390E-4D70-B7C7-4BF9D3BF2E49}.Debug Laptop|Win32.ActiveCfg = Debug Laptop|Win32
		{ECC75929-390E-4D70-B7C7-4BF9D3BF2E49}.Debug Laptop|Win32.Build.0 = Debug Laptop|Win32
		{ECC75929-390E-4D70-B7C7-4BF9D3BF2E49}.Debug Laptop|Win32.Deploy.0 = Debug Laptop|Win32
		{ECC75929-390E-4D70-B7C7-4BF9D3BF2E49}.Debug Laptop|x64.ActiveCfg = Debug Laptop|Win32
		{ECC75929-390E-4D70-B7C7-4BF9D3BF2E49}.Debug_VS2015|Win32.ActiveCfg = Debug_VS2015|Win32
		{ECC75929-390E-4D70-B7C7-4BF9D3BF2E49}.Debug_VS2015|Win32.Build.0 = Debug_VS2015|Win32
		{ECC75929-390E-4D70-B7C7-4BF9D3BF2E49}.Debug_VS2015|x64.ActiveCfg = Debug_VS2015|Win32
		{ECC75929-390E-4D70-B7C7-4BF9D3BF2E49}.Debug|Win32.ActiveCfg = Debug|Win32
		{ECC75929-390E-4D70-B7C7-4BF9D3BF2E49}.Debug|Win32.Build.0 = Debug|Win32
		{ECC75929-390E-4D70-B7C7-4BF9D3BF2E49}.Debug|x64.ActiveCfg = Debug|Win32
		{ECC75929-390E-4D70-B7C7-4BF9D3BF2E49}.DebugNit|Win32.ActiveCfg = DebugNit|Win32
		{ECC75929-390E-4D70-B7C7-4BF9D3BF2E49}.DebugNit|Win32.Build.0 = DebugNit|Win32
		{ECC75929-390E-4D70-B7C7-4BF9D3BF2E49}.DebugNit|x64.ActiveCfg = DebugNit|Win32
		{ECC75929-390E-4D70-B7C7-4BF9D3BF2E49}.JakeDebug|Win32.ActiveCfg = JakeDebug|Win32
		{ECC75929-390E-4D70-B7C7-4BF9D3BF2E49}.JakeDebug|Win32.Build.0 = JakeDebug|Win32
		{ECC75929-390E-4D70-B7C7-4BF9D3BF2E49}.JakeDebug|x64.ActiveCfg = JakeDebug|Win32
		{ECC75929-390E-4D70-B7C7-4BF9D3BF2E49}.JakeRelease|Win32.ActiveCfg = JakeRelease|Win32
		{ECC75929-390E-4D70-B7C7-4BF9D3BF2E49}.JakeRelease|Win32.Build.0 = JakeRelease|Win32
		{ECC75929-390E-4D70-B7C7-4BF9D3BF2E49}.JakeRelease|x64.ActiveCfg = JakeRelease|Win32
		{ECC75929-390E-4D70-B7C7-4BF9D3BF2E49}.JakesDebug|Win32.ActiveCfg = JakesDebug|Win32
		{ECC75929-390E-4D70-B7C7-4BF9D3BF2E49}.JakesDebug|Win32.Build.0 = JakesDebug|Win32
		{ECC75929-390E-4D70-B7C7-4BF9D3BF2E49}.JakesDebug|x64.ActiveCfg = JakesDebug|Win32
		{ECC75929-390E-4D70-B7C7-4BF9D3BF2E49}.Production|Win32.ActiveCfg = Production|Win32
		{ECC75929-390E-4D70-B7C7-4BF9D3BF2E49}.Production|Win32.Build.0 = Production|Win32
		{ECC75929-390E-4D70-B7C7-4BF9D3BF2E49}.Production|x64.ActiveCfg = Production|Win32
		{ECC75929-390E-4D70-B7C7-4BF9D3BF2E49}.Release ATI|Win32.ActiveCfg = Release ATI|Win32
		{ECC75929-390E-4D70-B7C7-4BF9D3BF2E49}.Release ATI|Win32.Build.0 = Release ATI|Win32
		{ECC75929-390E-4D70-B7C7-4BF9D3BF2E49}.Release ATI|x64.ActiveCfg = Release ATI|Win32
		{ECC75929-390E-4D70-B7C7-4BF9D3BF2E49}.Release ATISSE2|Win32.ActiveCfg = Release ATISSE2|Win32
		{ECC75929-390E-4D70-B7C7-4BF9D3BF2E49}.Release ATISSE2|Win32.Build.0 = Release ATISSE2|Win32
		{ECC75929-390E-4D70-B7C7-4BF9D3BF2E49}.Release ATISSE2|x64.ActiveCfg = Release ATISSE2|Win32
		{ECC75929-390E-4D70-B7C7-4BF9D3BF2E49}.Release Debug Heartbeat|Win32.ActiveCfg = Release Debug Heartbeat|Win32
		{ECC75929-390E-4D70-B7C7-4BF9D3BF2E49}.Release Debug Heartbeat|Win32.Build.0 = Release Debug Heartbeat|Win32
		{ECC75929-390E-4D70-B7C7-4BF9D3BF2E49}.Release Debug Heartbeat|x64.ActiveCfg = Release Debug Heartbeat|Win32
		{ECC75929-390E-4D70-B7C7-4BF9D3BF2E49}.Release Ignacio|Win32.ActiveCfg = Release Ignacio|Win32
		{ECC75929-390E-4D70-B7C7-4BF9D3BF2E49}.Release Ignacio|Win32.Build.0 = Release Ignacio|Win32
		{ECC75929-390E-4D70-B7C7-4BF9D3BF2E49}.Release Ignacio|x64.ActiveCfg = Release Ignacio|Win32
		{ECC75929-390E-4D70-B7C7-4BF9D3BF2E49}.Release LLInjectable ServerCrasher|Win32.ActiveCfg = Release LLInjectable ServerCrasher|Win32
		{ECC75929-390E-4D70-B7C7-4BF9D3BF2E49}.Release LLInjectable ServerCrasher|Win32.Build.0 = Release LLInjectable ServerCrasher|Win32
		{ECC75929-390E-4D70-B7C7-4BF9D3BF2E49}.Release LLInjectable ServerCrasher|x64.ActiveCfg = Release LLInjectable ServerCrasher|Win32
		{ECC75929-390E-4D70-B7C7-4BF9D3BF2E49}.Release LLInjectable|Win32.ActiveCfg = Release LLInjectable|Win32
		{ECC75929-390E-4D70-B7C7-4BF9D3BF2E49}.Release LLInjectable|Win32.Build.0 = Release LLInjectable|Win32
		{ECC75929-390E-4D70-B7C7-4BF9D3BF2E49}.Release LLInjectable|x64.ActiveCfg = Release LLInjectable|Win32
		{ECC75929-390E-4D70-B7C7-4BF9D3BF2E49}.Release No Heartbeat|Win32.ActiveCfg = Release No Heartbeat|Win32
		{ECC75929-390E-4D70-B7C7-4BF9D3BF2E49}.Release No Heartbeat|Win32.Build.0 = Release No Heartbeat|Win32
		{ECC75929-390E-4D70-B7C7-4BF9D3BF2E49}.Release No Heartbeat|x64.ActiveCfg = Release No Heartbeat|Win32
		{ECC75929-390E-4D70-B7C7-4BF9D3BF2E49}.Release NVAVX Nit|Win32.ActiveCfg = Release NVAVX Nit|Win32
		{ECC75929-390E-4D70-B7C7-4BF9D3BF2E49}.Release NVAVX Nit|Win32.Build.0 = Release NVAVX Nit|Win32
		{ECC75929-390E-4D70-B7C7-4BF9D3BF2E49}.Release NVAVX Nit|x64.ActiveCfg = Release NVAVX Nit|Win32
		{ECC75929-390E-4D70-B7C7-4BF9D3BF2E49}.Release NVAVX|Win32.ActiveCfg = Release NVAVX|Win32
		{ECC75929-390E-4D70-B7C7-4BF9D3BF2E49}.Release NVAVX|Win32.Build.0 = Release NVAVX|Win32
		{ECC75929-390E-4D70-B7C7-4BF9D3BF2E49}.Release NVAVX|x64.ActiveCfg = Release NVAVX|Win32
		{ECC75929-390E-4D70-B7C7-4BF9D3BF2E49}.Release NVSP|Win32.ActiveCfg = Release NVSP|Win32
		{ECC75929-390E-4D70-B7C7-4BF9D3BF2E49}.Release NVSP|Win32.Build.0 = Release NVSP|Win32
		{ECC75929-390E-4D70-B7C7-4BF9D3BF2E49}.Release NVSP|x64.ActiveCfg = Release NVSP|Win32
		{ECC75929-390E-4D70-B7C7-4BF9D3BF2E49}.Release NVSSE2|Win32.ActiveCfg = Release NVSSE2|Win32
		{ECC75929-390E-4D70-B7C7-4BF9D3BF2E49}.Release NVSSE2|Win32.Build.0 = Release NVSSE2|Win32
		{ECC75929-390E-4D70-B7C7-4BF9D3BF2E49}.Release NVSSE2|x64.ActiveCfg = Release NVSSE2|Win32
		{ECC75929-390E-4D70-B7C7-4BF9D3BF2E49}.Release Vista|Win32.ActiveCfg = Release Vista|Win32
		{ECC75929-390E-4D70-B7C7-4BF9D3BF2E49}.Release Vista|Win32.Build.0 = Release Vista|Win32
		{ECC75929-390E-4D70-B7C7-4BF9D3BF2E49}.Release Vista|x64.ActiveCfg = Release Vista|Win32
		{ECC75929-390E-4D70-B7C7-4BF9D3BF2E49}.Release_DumpBlackbookSigs|Win32.ActiveCfg = Release_DumpBlackbookSigs|Win32
		{ECC75929-390E-4D70-B7C7-4BF9D3BF2E49}.Release_DumpBlackbookSigs|Win32.Build.0 = Release_DumpBlackbookSigs|Win32
		{ECC75929-390E-4D70-B7C7-4BF9D3BF2E49}.Release_DumpBlackbookSigs|x64.ActiveCfg = Release_DumpBlackbookSigs|Win32
		{ECC75929-390E-4D70-B7C7-4BF9D3BF2E49}.Release_DumpSigs_VS2015|Win32.ActiveCfg = Release_DumpSigs_VS2015|Win32
		{ECC75929-390E-4D70-B7C7-4BF9D3BF2E49}.Release_DumpSigs_VS2015|Win32.Build.0 = Release_DumpSigs_VS2015|Win32
		{ECC75929-390E-4D70-B7C7-4BF9D3BF2E49}.Release_DumpSigs_VS2015|x64.ActiveCfg = Release_DumpSigs_VS2015|Win32
		{ECC75929-390E-4D70-B7C7-4BF9D3BF2E49}.Release_DumpSigs|Win32.ActiveCfg = Release_DumpSigs|Win32
		{ECC75929-390E-4D70-B7C7-4BF9D3BF2E49}.Release_DumpSigs|Win32.Build.0 = Release_DumpSigs|Win32
		{ECC75929-390E-4D70-B7C7-4BF9D3BF2E49}.Release_DumpSigs|x64.ActiveCfg = Release_DumpSigs|Win32
		{ECC75929-390E-4D70-B7C7-4BF9D3BF2E49}.Release_DylanVAC|Win32.ActiveCfg = Release_DylanVAC|Win32
		{ECC75929-390E-4D70-B7C7-4BF9D3BF2E49}.Release_DylanVAC|Win32.Build.0 = Release_DylanVAC|Win32
		{ECC75929-390E-4D70-B7C7-4BF9D3BF2E49}.Release_DylanVAC|x64.ActiveCfg = Release_DylanVAC|Win32
		{ECC75929-390E-4D70-B7C7-4BF9D3BF2E49}.Release_Friends|Win32.ActiveCfg = Release_Friends|Win32
		{ECC75929-390E-4D70-B7C7-4BF9D3BF2E49}.Release_Friends|Win32.Build.0 = Release_Friends|Win32
		{ECC75929-390E-4D70-B7C7-4BF9D3BF2E49}.Release_Friends|x64.ActiveCfg = Release_Friends|Win32
		{ECC75929-390E-4D70-B7C7-4BF9D3BF2E49}.Release_imi|Win32.ActiveCfg = Release_imi|Win32
		{ECC75929-390E-4D70-B7C7-4BF9D3BF2E49}.Release_imi|Win32.Build.0 = Release_imi|Win32
		{ECC75929-390E-4D70-B7C7-4BF9D3BF2E49}.Release_imi|x64.ActiveCfg = Release_imi|Win32
		{ECC75929-390E-4D70-B7C7-4BF9D3BF2E49}.Release_Mutiny|Win32.ActiveCfg = Release_Mutiny|Win32
		{ECC75929-390E-4D70-B7C7-4BF9D3BF2E49}.Release_Mutiny|Win32.Build.0 = Release_Mutiny|Win32
		{ECC75929-390E-4D70-B7C7-4BF9D3BF2E49}.Release_Mutiny|x64.ActiveCfg = Release_Mutiny|Win32
		{ECC75929-390E-4D70-B7C7-4BF9D3BF2E49}.Release|Win32.ActiveCfg = Release|Win32
		{ECC75929-390E-4D70-B7C7-4BF9D3BF2E49}.Release|Win32.Build.0 = Release|Win32
		{ECC75929-390E-4D70-B7C7-4BF9D3BF2E49}.Release|x64.ActiveCfg = Release|Win32
		{ECC75929-390E-4D70-B7C7-4BF9D3BF2E49}.ServerSideOnly|Win32.ActiveCfg = ServerSideOnly|Win32
		{ECC75929-390E-4D70-B7C7-4BF9D3BF2E49}.ServerSideOnly|Win32.Build.0 = ServerSideOnly|Win32
		{ECC75929-390E-4D70-B7C7-4BF9D3BF2E49}.ServerSideOnly|x64.ActiveCfg = ServerSideOnly|Win32
	EndGlobalSection
	GlobalSection(SolutionProperties) = preSolution
		HideSolutionNode = FALSE
	EndGlobalSection
	GlobalSection(ExtensibilityGlobals) = postSolution
		SolutionGuid = {DFD2ECB4-16F1-4BFD-B0FC-62AFD7487C08}
	EndGlobalSection
EndGlobal
